
Microsoft Visual Studio Solution File, Format Version 12.00
# Visual Studio Version 17
VisualStudioVersion = 17.5.33530.505
MinimumVisualStudioVersion = 10.0.40219.1
Project("{FAE04EC0-301F-11D3-BF4B-00C04F79EFBC}") = "WinFormsAndConsole", "WinFormsAndConsole.csproj", "{068C5264-B324-4CCC-B8B7-E0CE36E3C18E}"
EndProject
Global
	GlobalSection(SolutionConfigurationPlatforms) = preSolution
		Debug|Any CPU = Debug|Any CPU
		Release|Any CPU = Release|Any CPU
	EndGlobalSection
	GlobalSection(ProjectConfigurationPlatforms) = postSolution
		{068C5264-B324-4CCC-B8B7-E0CE36E3C18E}.Debug|Any CPU.ActiveCfg = Debug|Any CPU
		{068C5264-B324-4CCC-B8B7-E0CE36E3C18E}.Debug|Any CPU.Build.0 = Debug|Any CPU
		{068C5264-B324-4CCC-B8B7-E0CE36E3C18E}.Release|Any CPU.ActiveCfg = Release|Any CPU
		{068C5264-B324-4CCC-B8B7-E0CE36E3C18E}.Release|Any CPU.Build.0 = Release|Any CPU
	EndGlobalSection
	GlobalSection(SolutionProperties) = preSolution
		HideSolutionNode = FALSE
	EndGlobalSection
	GlobalSection(ExtensibilityGlobals) = postSolution
		SolutionGuid = {A615460F-A560-4D94-8A6D-7E29D7903906}
	EndGlobalSection
EndGlobal
